lockfileVersion: 5.4

specifiers:
  prisma: ^5.3.1

devDependencies:
  prisma: 5.3.1

packages:

  /@prisma/engines/5.3.1:
    resolution: {integrity: sha512-6QkILNyfeeN67BNEPEtkgh3Xo2tm6D7V+UhrkBbRHqKw9CTaz/vvTP/ROwYSP/3JT2MtIutZm/EnhxUiuOPVDA==}
    requiresBuild: true
    dev: true

  /prisma/5.3.1:
    resolution: {integrity: sha512-Wp2msQIlMPHe+5k5Od6xnsI/WNG7UJGgFUJgqv/ygc7kOECZapcSz/iU4NIEzISs3H1W9sFLjAPbg/gOqqtB7A==}
    engines: {node: '>=16.13'}
    hasBin: true
    requiresBuild: true
    dependencies:
      '@prisma/engines': 5.3.1
    dev: true
